
Microsoft Visual Studio Solution File, Format Version 12.00
# Visual Studio Version 16
VisualStudioVersion = 16.0.30225.117
MinimumVisualStudioVersion = 15.0.26124.0
Project("{9A19103F-16F7-4668-BE54-9A1E7A4F7556}") = "FE.Api", "FE.Api\FE.Api.csproj", "{869B1F6A-EB43-4902-A87E-C8F888F6DD02}"
EndProject
Project("{2150E333-8FDC-42A3-9474-1A3956D46DE8}") = "4. DataAccess", "4. DataAccess", "{F43D4F66-D740-40AF-9FA0-A52EC6823E81}"
EndProject
Project("{2150E333-8FDC-42A3-9474-1A3956D46DE8}") = "1 CrossCutting", "1 CrossCutting", "{059E1AFF-D30C-472E-B7EE-4BFC216FAFB6}"
EndProject
Project("{2150E333-8FDC-42A3-9474-1A3956D46DE8}") = "2. Application", "2. Application", "{57BB4DDF-DB66-490E-A7EE-B2F7475F9CC6}"
EndProject
Project("{9A19103F-16F7-4668-BE54-9A1E7A4F7556}") = "DataAccess", "DataAccess\DataAccess.csproj", "{D0B85646-64DA-4D0B-BE53-34C0B72296FD}"
EndProject
Project("{9A19103F-16F7-4668-BE54-9A1E7A4F7556}") = "DataAccess.Contracts", "DataAccess.Contracts\DataAccess.Contracts.csproj", "{29F6B2C0-4095-420D-81A3-D0A327A5A5E6}"
EndProject
Project("{9A19103F-16F7-4668-BE54-9A1E7A4F7556}") = "CrossCutting", "CrossCutting\CrossCutting.csproj", "{F6E050EB-3E09-4F11-A802-B2843737ED26}"
EndProject
Project("{2150E333-8FDC-42A3-9474-1A3956D46DE8}") = "3. Business", "3. Business", "{897472EB-7326-42AE-B72B-5CC8840007CF}"
EndProject
Project("{9A19103F-16F7-4668-BE54-9A1E7A4F7556}") = "Business", "Business\Business.csproj", "{283068F4-3242-4C1E-B9E2-3E77365363C6}"
EndProject
Project("{9A19103F-16F7-4668-BE54-9A1E7A4F7556}") = "FE.Application", "FE.Application\FE.Application.csproj", "{9F41CAB4-A773-4F16-954B-26C05D7B2024}"
EndProject
Project("{9A19103F-16F7-4668-BE54-9A1E7A4F7556}") = "FE.Application.Contracts", "FE.Application.Contracts\FE.Application.Contracts.csproj", "{5F9460F4-CF66-4446-9A83-F59F93F408EC}"
EndProject
Project("{2150E333-8FDC-42A3-9474-1A3956D46DE8}") = "1.1 Distributed Services", "1.1 Distributed Services", "{77F54802-A14A-4B03-881F-19D64585EAE8}"
EndProject
Global
	GlobalSection(SolutionConfigurationPlatforms) = preSolution
		Debug|Any CPU = Debug|Any CPU
		Debug|x64 = Debug|x64
		Debug|x86 = Debug|x86
		Release|Any CPU = Release|Any CPU
		Release|x64 = Release|x64
		Release|x86 = Release|x86
	EndGlobalSection
	GlobalSection(ProjectConfigurationPlatforms) = postSolution
		{869B1F6A-EB43-4902-A87E-C8F888F6DD02}.Debug|Any CPU.ActiveCfg = Debug|Any CPU
		{869B1F6A-EB43-4902-A87E-C8F888F6DD02}.Debug|Any CPU.Build.0 = Debug|Any CPU
		{869B1F6A-EB43-4902-A87E-C8F888F6DD02}.Debug|x64.ActiveCfg = Debug|Any CPU
		{869B1F6A-EB43-4902-A87E-C8F888F6DD02}.Debug|x64.Build.0 = Debug|Any CPU
		{869B1F6A-EB43-4902-A87E-C8F888F6DD02}.Debug|x86.ActiveCfg = Debug|Any CPU
		{869B1F6A-EB43-4902-A87E-C8F888F6DD02}.Debug|x86.Build.0 = Debug|Any CPU
		{869B1F6A-EB43-4902-A87E-C8F888F6DD02}.Release|Any CPU.ActiveCfg = Release|Any CPU
		{869B1F6A-EB43-4902-A87E-C8F888F6DD02}.Release|Any CPU.Build.0 = Release|Any CPU
		{869B1F6A-EB43-4902-A87E-C8F888F6DD02}.Release|x64.ActiveCfg = Release|Any CPU
		{869B1F6A-EB43-4902-A87E-C8F888F6DD02}.Release|x64.Build.0 = Release|Any CPU
		{869B1F6A-EB43-4902-A87E-C8F888F6DD02}.Release|x86.ActiveCfg = Release|Any CPU
		{869B1F6A-EB43-4902-A87E-C8F888F6DD02}.Release|x86.Build.0 = Release|Any CPU
		{D0B85646-64DA-4D0B-BE53-34C0B72296FD}.Debug|Any CPU.ActiveCfg = Debug|Any CPU
		{D0B85646-64DA-4D0B-BE53-34C0B72296FD}.Debug|Any CPU.Build.0 = Debug|Any CPU
		{D0B85646-64DA-4D0B-BE53-34C0B72296FD}.Debug|x64.ActiveCfg = Debug|Any CPU
		{D0B85646-64DA-4D0B-BE53-34C0B72296FD}.Debug|x64.Build.0 = Debug|Any CPU
		{D0B85646-64DA-4D0B-BE53-34C0B72296FD}.Debug|x86.ActiveCfg = Debug|Any CPU
		{D0B85646-64DA-4D0B-BE53-34C0B72296FD}.Debug|x86.Build.0 = Debug|Any CPU
		{D0B85646-64DA-4D0B-BE53-34C0B72296FD}.Release|Any CPU.ActiveCfg = Release|Any CPU
		{D0B85646-64DA-4D0B-BE53-34C0B72296FD}.Release|Any CPU.Build.0 = Release|Any CPU
		{D0B85646-64DA-4D0B-BE53-34C0B72296FD}.Release|x64.ActiveCfg = Release|Any CPU
		{D0B85646-64DA-4D0B-BE53-34C0B72296FD}.Release|x64.Build.0 = Release|Any CPU
		{D0B85646-64DA-4D0B-BE53-34C0B72296FD}.Release|x86.ActiveCfg = Release|Any CPU
		{D0B85646-64DA-4D0B-BE53-34C0B72296FD}.Release|x86.Build.0 = Release|Any CPU
		{29F6B2C0-4095-420D-81A3-D0A327A5A5E6}.Debug|Any CPU.ActiveCfg = Debug|Any CPU
		{29F6B2C0-4095-420D-81A3-D0A327A5A5E6}.Debug|Any CPU.Build.0 = Debug|Any CPU
		{29F6B2C0-4095-420D-81A3-D0A327A5A5E6}.Debug|x64.ActiveCfg = Debug|Any CPU
		{29F6B2C0-4095-420D-81A3-D0A327A5A5E6}.Debug|x64.Build.0 = Debug|Any CPU
		{29F6B2C0-4095-420D-81A3-D0A327A5A5E6}.Debug|x86.ActiveCfg = Debug|Any CPU
		{29F6B2C0-4095-420D-81A3-D0A327A5A5E6}.Debug|x86.Build.0 = Debug|Any CPU
		{29F6B2C0-4095-420D-81A3-D0A327A5A5E6}.Release|Any CPU.ActiveCfg = Release|Any CPU
		{29F6B2C0-4095-420D-81A3-D0A327A5A5E6}.Release|Any CPU.Build.0 = Release|Any CPU
		{29F6B2C0-4095-420D-81A3-D0A327A5A5E6}.Release|x64.ActiveCfg = Release|Any CPU
		{29F6B2C0-4095-420D-81A3-D0A327A5A5E6}.Release|x64.Build.0 = Release|Any CPU
		{29F6B2C0-4095-420D-81A3-D0A327A5A5E6}.Release|x86.ActiveCfg = Release|Any CPU
		{29F6B2C0-4095-420D-81A3-D0A327A5A5E6}.Release|x86.Build.0 = Release|Any CPU
		{F6E050EB-3E09-4F11-A802-B2843737ED26}.Debug|Any CPU.ActiveCfg = Debug|Any CPU
		{F6E050EB-3E09-4F11-A802-B2843737ED26}.Debug|Any CPU.Build.0 = Debug|Any CPU
		{F6E050EB-3E09-4F11-A802-B2843737ED26}.Debug|x64.ActiveCfg = Debug|Any CPU
		{F6E050EB-3E09-4F11-A802-B2843737ED26}.Debug|x64.Build.0 = Debug|Any CPU
		{F6E050EB-3E09-4F11-A802-B2843737ED26}.Debug|x86.ActiveCfg = Debug|Any CPU
		{F6E050EB-3E09-4F11-A802-B2843737ED26}.Debug|x86.Build.0 = Debug|Any CPU
		{F6E050EB-3E09-4F11-A802-B2843737ED26}.Release|Any CPU.ActiveCfg = Release|Any CPU
		{F6E050EB-3E09-4F11-A802-B2843737ED26}.Release|Any CPU.Build.0 = Release|Any CPU
		{F6E050EB-3E09-4F11-A802-B2843737ED26}.Release|x64.ActiveCfg = Release|Any CPU
		{F6E050EB-3E09-4F11-A802-B2843737ED26}.Release|x64.Build.0 = Release|Any CPU
		{F6E050EB-3E09-4F11-A802-B2843737ED26}.Release|x86.ActiveCfg = Release|Any CPU
		{F6E050EB-3E09-4F11-A802-B2843737ED26}.Release|x86.Build.0 = Release|Any CPU
		{283068F4-3242-4C1E-B9E2-3E77365363C6}.Debug|Any CPU.ActiveCfg = Debug|Any CPU
		{283068F4-3242-4C1E-B9E2-3E77365363C6}.Debug|Any CPU.Build.0 = Debug|Any CPU
		{283068F4-3242-4C1E-B9E2-3E77365363C6}.Debug|x64.ActiveCfg = Debug|Any CPU
		{283068F4-3242-4C1E-B9E2-3E77365363C6}.Debug|x64.Build.0 = Debug|Any CPU
		{283068F4-3242-4C1E-B9E2-3E77365363C6}.Debug|x86.ActiveCfg = Debug|Any CPU
		{283068F4-3242-4C1E-B9E2-3E77365363C6}.Debug|x86.Build.0 = Debug|Any CPU
		{283068F4-3242-4C1E-B9E2-3E77365363C6}.Release|Any CPU.ActiveCfg = Release|Any CPU
		{283068F4-3242-4C1E-B9E2-3E77365363C6}.Release|Any CPU.Build.0 = Release|Any CPU
		{283068F4-3242-4C1E-B9E2-3E77365363C6}.Release|x64.ActiveCfg = Release|Any CPU
		{283068F4-3242-4C1E-B9E2-3E77365363C6}.Release|x64.Build.0 = Release|Any CPU
		{283068F4-3242-4C1E-B9E2-3E77365363C6}.Release|x86.ActiveCfg = Release|Any CPU
		{283068F4-3242-4C1E-B9E2-3E77365363C6}.Release|x86.Build.0 = Release|Any CPU
		{9F41CAB4-A773-4F16-954B-26C05D7B2024}.Debug|Any CPU.ActiveCfg = Debug|Any CPU
		{9F41CAB4-A773-4F16-954B-26C05D7B2024}.Debug|Any CPU.Build.0 = Debug|Any CPU
		{9F41CAB4-A773-4F16-954B-26C05D7B2024}.Debug|x64.ActiveCfg = Debug|Any CPU
		{9F41CAB4-A773-4F16-954B-26C05D7B2024}.Debug|x64.Build.0 = Debug|Any CPU
		{9F41CAB4-A773-4F16-954B-26C05D7B2024}.Debug|x86.ActiveCfg = Debug|Any CPU
		{9F41CAB4-A773-4F16-954B-26C05D7B2024}.Debug|x86.Build.0 = Debug|Any CPU
		{9F41CAB4-A773-4F16-954B-26C05D7B2024}.Release|Any CPU.ActiveCfg = Release|Any CPU
		{9F41CAB4-A773-4F16-954B-26C05D7B2024}.Release|Any CPU.Build.0 = Release|Any CPU
		{9F41CAB4-A773-4F16-954B-26C05D7B2024}.Release|x64.ActiveCfg = Release|Any CPU
		{9F41CAB4-A773-4F16-954B-26C05D7B2024}.Release|x64.Build.0 = Release|Any CPU
		{9F41CAB4-A773-4F16-954B-26C05D7B2024}.Release|x86.ActiveCfg = Release|Any CPU
		{9F41CAB4-A773-4F16-954B-26C05D7B2024}.Release|x86.Build.0 = Release|Any CPU
		{5F9460F4-CF66-4446-9A83-F59F93F408EC}.Debug|Any CPU.ActiveCfg = Debug|Any CPU
		{5F9460F4-CF66-4446-9A83-F59F93F408EC}.Debug|Any CPU.Build.0 = Debug|Any CPU
		{5F9460F4-CF66-4446-9A83-F59F93F408EC}.Debug|x64.ActiveCfg = Debug|Any CPU
		{5F9460F4-CF66-4446-9A83-F59F93F408EC}.Debug|x64.Build.0 = Debug|Any CPU
		{5F9460F4-CF66-4446-9A83-F59F93F408EC}.Debug|x86.ActiveCfg = Debug|Any CPU
		{5F9460F4-CF66-4446-9A83-F59F93F408EC}.Debug|x86.Build.0 = Debug|Any CPU
		{5F9460F4-CF66-4446-9A83-F59F93F408EC}.Release|Any CPU.ActiveCfg = Release|Any CPU
		{5F9460F4-CF66-4446-9A83-F59F93F408EC}.Release|Any CPU.Build.0 = Release|Any CPU
		{5F9460F4-CF66-4446-9A83-F59F93F408EC}.Release|x64.ActiveCfg = Release|Any CPU
		{5F9460F4-CF66-4446-9A83-F59F93F408EC}.Release|x64.Build.0 = Release|Any CPU
		{5F9460F4-CF66-4446-9A83-F59F93F408EC}.Release|x86.ActiveCfg = Release|Any CPU
		{5F9460F4-CF66-4446-9A83-F59F93F408EC}.Release|x86.Build.0 = Release|Any CPU
	EndGlobalSection
	GlobalSection(SolutionProperties) = preSolution
		HideSolutionNode = FALSE
	EndGlobalSection
	GlobalSection(NestedProjects) = preSolution
		{869B1F6A-EB43-4902-A87E-C8F888F6DD02} = {77F54802-A14A-4B03-881F-19D64585EAE8}
		{D0B85646-64DA-4D0B-BE53-34C0B72296FD} = {F43D4F66-D740-40AF-9FA0-A52EC6823E81}
		{29F6B2C0-4095-420D-81A3-D0A327A5A5E6} = {F43D4F66-D740-40AF-9FA0-A52EC6823E81}
		{F6E050EB-3E09-4F11-A802-B2843737ED26} = {059E1AFF-D30C-472E-B7EE-4BFC216FAFB6}
		{283068F4-3242-4C1E-B9E2-3E77365363C6} = {897472EB-7326-42AE-B72B-5CC8840007CF}
		{9F41CAB4-A773-4F16-954B-26C05D7B2024} = {57BB4DDF-DB66-490E-A7EE-B2F7475F9CC6}
		{5F9460F4-CF66-4446-9A83-F59F93F408EC} = {57BB4DDF-DB66-490E-A7EE-B2F7475F9CC6}
	EndGlobalSection
	GlobalSection(ExtensibilityGlobals) = postSolution
		SolutionGuid = {3845873F-1667-4F64-AC30-BE9D2E4C53FE}
	EndGlobalSection
EndGlobal
